{
  "name": "hivemind-sql-validation",
  "lockfileVersion": 3,
  "requires": true,
  "packages": {
    "": {
      "name": "hivemind-sql-validation",
      "devDependencies": {
        "@electric-sql/pglite": "0.3.14",
        "@electric-sql/pglite-socket": "0.0.19"
      }
    },
    "node_modules/@electric-sql/pglite": {
      "version": "0.3.14",
      "resolved": "https://registry.npmjs.org/@electric-sql/pglite/-/pglite-0.3.14.tgz",
      "integrity": "sha512-3DB258dhqdsArOI1fIt7cb9RpUOgcDg5hXWVgVHAeqVQ/qxtFy605QKs4gx6mFq3jWsSPqDN8TgSEsqC3OfV9Q==",
      "dev": true,
      "license": "Apache-2.0"
    },
    "node_modules/@electric-sql/pglite-socket": {
      "version": "0.0.19",
      "resolved": "https://registry.npmjs.org/@electric-sql/pglite-socket/-/pglite-socket-0.0.19.tgz",
      "integrity": "sha512-9Uq0aXJyfeQMQCk9OiX3dfjdKCKurjGPkhHemDo+sA5QeYPuH48Bxfue4sfA+dBXZGe9cUCjwrnZ351E3wPPIA==",
      "dev": true,
      "license": "Apache-2.0",
      "bin": {
        "pglite-server": "dist/scripts/server.js"
      },
      "peerDependencies": {
        "@electric-sql/pglite": "0.3.14"
      }
    }
  }
}
